
Microsoft Visual Studio Solution File, Format Version 12.00
# Visual Studio Version 16
VisualStudioVersion = 16.0.31105.61
MinimumVisualStudioVersion = 10.0.40219.1
Project("{9A19103F-16F7-4668-BE54-9A1E7A4F7556}") = "ConsoleKeyVault", "ConsoleKeyVault.csproj", "{A0BB0179-A58A-4960-BC01-075B009655EF}"
EndProject
Global
	GlobalSection(SolutionConfigurationPlatforms) = preSolution
		Debug|Any CPU = Debug|Any CPU
		Release|Any CPU = Release|Any CPU
	EndGlobalSection
	GlobalSection(ProjectConfigurationPlatforms) = postSolution
		{A0BB0179-A58A-4960-BC01-075B009655EF}.Debug|Any CPU.ActiveCfg = Debug|Any CPU
		{A0BB0179-A58A-4960-BC01-075B009655EF}.Debug|Any CPU.Build.0 = Debug|Any CPU
		{A0BB0179-A58A-4960-BC01-075B009655EF}.Release|Any CPU.ActiveCfg = Release|Any CPU
		{A0BB0179-A58A-4960-BC01-075B009655EF}.Release|Any CPU.Build.0 = Release|Any CPU
	EndGlobalSection
	GlobalSection(SolutionProperties) = preSolution
		HideSolutionNode = FALSE
	EndGlobalSection
	GlobalSection(ExtensibilityGlobals) = postSolution
		SolutionGuid = {01512070-6097-4E1F-860E-0700E10C6C6F}
	EndGlobalSection
EndGlobal
